
Microsoft Visual Studio Solution File, Format Version 12.00
# Visual Studio Version 16
VisualStudioVersion = 16.0.32413.511
MinimumVisualStudioVersion = 10.0.40219.1
Project("{FAE04EC0-301F-11D3-BF4B-00C04F79EFBC}") = "WindowsFormsApp3", "WindowsFormsApp3\WindowsFormsApp3.csproj", "{A81DBA28-135D-4C7F-B9F2-CFD3B7A5E080}"
EndProject
Global
	GlobalSection(SolutionConfigurationPlatforms) = preSolution
		Debug|Any CPU = Debug|Any CPU
		Release|Any CPU = Release|Any CPU
	EndGlobalSection
	GlobalSection(ProjectConfigurationPlatforms) = postSolution
		{A81DBA28-135D-4C7F-B9F2-CFD3B7A5E080}.Debug|Any CPU.ActiveCfg = Debug|Any CPU
		{A81DBA28-135D-4C7F-B9F2-CFD3B7A5E080}.Debug|Any CPU.Build.0 = Debug|Any CPU
		{A81DBA28-135D-4C7F-B9F2-CFD3B7A5E080}.Release|Any CPU.ActiveCfg = Release|Any CPU
		{A81DBA28-135D-4C7F-B9F2-CFD3B7A5E080}.Release|Any CPU.Build.0 = Release|Any CPU
	EndGlobalSection
	GlobalSection(SolutionProperties) = preSolution
		HideSolutionNode = FALSE
	EndGlobalSection
	GlobalSection(ExtensibilityGlobals) = postSolution
		SolutionGuid = {61369608-464F-4639-8CDF-F6BD71792791}
	EndGlobalSection
EndGlobal
